
Microsoft Visual Studio Solution File, Format Version 12.00
# Visual Studio Version 17
VisualStudioVersion = 17.12.35707.178 d17.12
MinimumVisualStudioVersion = 10.0.40219.1
Project("{FAE04EC0-301F-11D3-BF4B-00C04F79EFBC}") = "MyTaskManagerBot", "MyTaskManagerBot.csproj", "{4D5CABA1-3CA7-48BC-87A9-B050346F9FBD}"
EndProject
Global
	GlobalSection(SolutionConfigurationPlatforms) = preSolution
		Debug|Any CPU = Debug|Any CPU
		Release|Any CPU = Release|Any CPU
	EndGlobalSection
	GlobalSection(ProjectConfigurationPlatforms) = postSolution
		{4D5CABA1-3CA7-48BC-87A9-B050346F9FBD}.Debug|Any CPU.ActiveCfg = Debug|Any CPU
		{4D5CABA1-3CA7-48BC-87A9-B050346F9FBD}.Debug|Any CPU.Build.0 = Debug|Any CPU
		{4D5CABA1-3CA7-48BC-87A9-B050346F9FBD}.Release|Any CPU.ActiveCfg = Release|Any CPU
		{4D5CABA1-3CA7-48BC-87A9-B050346F9FBD}.Release|Any CPU.Build.0 = Release|Any CPU
	EndGlobalSection
	GlobalSection(SolutionProperties) = preSolution
		HideSolutionNode = FALSE
	EndGlobalSection
EndGlobal
